<?xml version="1.0" encoding="utf-8"?>
<Project ToolsVersion="4.0" xmlns="http://schemas.microsoft.com/developer/msbuild/2003">
  <ItemGroup>
    <Filter Include="Source Files">
      <UniqueIdentifier>{4FC737F1-C7A5-4376-A066-2A32D752A2FF}</UniqueIdentifier>
      <Extensions>cpp;c;cc;cxx;c++;cppm;ixx;def;odl;idl;hpj;bat;asm;asmx</Extensions>
    </Filter>
    <Filter Include="Header Files">
      <UniqueIdentifier>{93995380-89BD-4b04-88EB-625FBE52EBFB}</UniqueIdentifier>
      <Extensions>h;hh;hpp;hxx;h++;hm;inl;inc;ipp;xsd</Extensions>
    </Filter>
    <Filter Include="sơ đồ">
      <UniqueIdentifier>{d2fbe18e-fc6e-492a-b2d5-0f758f1122c5}</UniqueIdentifier>
    </Filter>
    <Filter Include="Link list">
      <UniqueIdentifier>{4eadbf8b-1109-4db3-adf6-0de75613cff4}</UniqueIdentifier>
    </Filter>
    <Filter Include="Hash table">
      <UniqueIdentifier>{a16b0885-a5f2-4b56-a9cc-208774574da0}</UniqueIdentifier>
    </Filter>
  </ItemGroup>
  <ItemGroup>
    <ClCompile Include="main.cpp">
      <Filter>Source Files</Filter>
    </ClCompile>
    <ClCompile Include="ex1cpp.cpp">
      <Filter>Hash table</Filter>
    </ClCompile>
    <ClCompile Include="ex1.cpp">
      <Filter>Link list</Filter>
    </ClCompile>
    <ClCompile Include="ex2.cpp">
      <Filter>Link list</Filter>
    </ClCompile>
    <ClCompile Include="product.cpp">
      <Filter>Source Files</Filter>
    </ClCompile>
    <ClCompile Include="CategoryManager.cpp">
      <Filter>Source Files</Filter>
    </ClCompile>
  </ItemGroup>
  <ItemGroup>
    <Text Include="tree.txt">
      <Filter>sơ đồ</Filter>
    </Text>
    <Text Include="sơ_đồ_ tổng_quát.txt">
      <Filter>sơ đồ</Filter>
    </Text>
    <Text Include="data.txt" />
  </ItemGroup>
  <ItemGroup>
    <None Include=".DS_Store" />
    <None Include=".gitignore" />
  </ItemGroup>
  <ItemGroup>
    <ClInclude Include="product.h">
      <Filter>Header Files</Filter>
    </ClInclude>
    <ClInclude Include="CategoryManager.h">
      <Filter>Header Files</Filter>
    </ClInclude>
  </ItemGroup>
</Project>